
Microsoft Visual Studio Solution File, Format Version 12.00
# Visual Studio Version 16
VisualStudioVersion = 16.6.30114.105
MinimumVisualStudioVersion = 10.0.40219.1
Project("{FAE04EC0-301F-11D3-BF4B-00C04F79EFBC}") = "SchoolRegister.DAL", "SchoolRegister.DAL\SchoolRegister.DAL.csproj", "{72BF484B-FE30-4774-9321-8E0D095E71F8}"
EndProject
Project("{FAE04EC0-301F-11D3-BF4B-00C04F79EFBC}") = "SchoolRegister.Model", "SchoolRegister.Model\SchoolRegister.Model.csproj", "{631C5883-184A-48A0-AF1E-314A06789C9C}"
EndProject
Project("{FAE04EC0-301F-11D3-BF4B-00C04F79EFBC}") = "SchoolRegister.Services", "SchoolRegister.Services\SchoolRegister.Services.csproj", "{A7EC50E5-82F0-44E0-B449-0E688D1E5AB5}"
EndProject
Project("{FAE04EC0-301F-11D3-BF4B-00C04F79EFBC}") = "SchoolRegister.ViewModels", "SchoolRegister.ViewModels\SchoolRegister.ViewModels.csproj", "{9433A3CB-DB81-4AA2-95C6-CE61F8DF4738}"
EndProject
Project("{FAE04EC0-301F-11D3-BF4B-00C04F79EFBC}") = "SchoolRegister.Web", "SchoolRegister.Web\SchoolRegister.Web.csproj", "{11818943-F3D1-4DB1-A48B-8D6EF9EEE7A7}"
EndProject
Project("{FAE04EC0-301F-11D3-BF4B-00C04F79EFBC}") = "SchoolRegister.Tests", "SchoolRegister.Tests\SchoolRegister.Tests.csproj", "{B25487CB-2A1A-45A5-9638-1979A37B0F5E}"
EndProject
Global
	GlobalSection(SolutionConfigurationPlatforms) = preSolution
		Debug|Any CPU = Debug|Any CPU
		Debug|x64 = Debug|x64
		Debug|x86 = Debug|x86
		Release|Any CPU = Release|Any CPU
		Release|x64 = Release|x64
		Release|x86 = Release|x86
	EndGlobalSection
	GlobalSection(SolutionProperties) = preSolution
		HideSolutionNode = FALSE
	EndGlobalSection
	GlobalSection(ProjectConfigurationPlatforms) = postSolution
		{72BF484B-FE30-4774-9321-8E0D095E71F8}.Debug|Any CPU.ActiveCfg = Debug|Any CPU
		{72BF484B-FE30-4774-9321-8E0D095E71F8}.Debug|Any CPU.Build.0 = Debug|Any CPU
		{72BF484B-FE30-4774-9321-8E0D095E71F8}.Debug|x64.ActiveCfg = Debug|Any CPU
		{72BF484B-FE30-4774-9321-8E0D095E71F8}.Debug|x64.Build.0 = Debug|Any CPU
		{72BF484B-FE30-4774-9321-8E0D095E71F8}.Debug|x86.ActiveCfg = Debug|Any CPU
		{72BF484B-FE30-4774-9321-8E0D095E71F8}.Debug|x86.Build.0 = Debug|Any CPU
		{72BF484B-FE30-4774-9321-8E0D095E71F8}.Release|Any CPU.ActiveCfg = Release|Any CPU
		{72BF484B-FE30-4774-9321-8E0D095E71F8}.Release|Any CPU.Build.0 = Release|Any CPU
		{72BF484B-FE30-4774-9321-8E0D095E71F8}.Release|x64.ActiveCfg = Release|Any CPU
		{72BF484B-FE30-4774-9321-8E0D095E71F8}.Release|x64.Build.0 = Release|Any CPU
		{72BF484B-FE30-4774-9321-8E0D095E71F8}.Release|x86.ActiveCfg = Release|Any CPU
		{72BF484B-FE30-4774-9321-8E0D095E71F8}.Release|x86.Build.0 = Release|Any CPU
		{631C5883-184A-48A0-AF1E-314A06789C9C}.Debug|Any CPU.ActiveCfg = Debug|Any CPU
		{631C5883-184A-48A0-AF1E-314A06789C9C}.Debug|Any CPU.Build.0 = Debug|Any CPU
		{631C5883-184A-48A0-AF1E-314A06789C9C}.Debug|x64.ActiveCfg = Debug|Any CPU
		{631C5883-184A-48A0-AF1E-314A06789C9C}.Debug|x64.Build.0 = Debug|Any CPU
		{631C5883-184A-48A0-AF1E-314A06789C9C}.Debug|x86.ActiveCfg = Debug|Any CPU
		{631C5883-184A-48A0-AF1E-314A06789C9C}.Debug|x86.Build.0 = Debug|Any CPU
		{631C5883-184A-48A0-AF1E-314A06789C9C}.Release|Any CPU.ActiveCfg = Release|Any CPU
		{631C5883-184A-48A0-AF1E-314A06789C9C}.Release|Any CPU.Build.0 = Release|Any CPU
		{631C5883-184A-48A0-AF1E-314A06789C9C}.Release|x64.ActiveCfg = Release|Any CPU
		{631C5883-184A-48A0-AF1E-314A06789C9C}.Release|x64.Build.0 = Release|Any CPU
		{631C5883-184A-48A0-AF1E-314A06789C9C}.Release|x86.ActiveCfg = Release|Any CPU
		{631C5883-184A-48A0-AF1E-314A06789C9C}.Release|x86.Build.0 = Release|Any CPU
		{A7EC50E5-82F0-44E0-B449-0E688D1E5AB5}.Debug|Any CPU.ActiveCfg = Debug|Any CPU
		{A7EC50E5-82F0-44E0-B449-0E688D1E5AB5}.Debug|Any CPU.Build.0 = Debug|Any CPU
		{A7EC50E5-82F0-44E0-B449-0E688D1E5AB5}.Debug|x64.ActiveCfg = Debug|Any CPU
		{A7EC50E5-82F0-44E0-B449-0E688D1E5AB5}.Debug|x64.Build.0 = Debug|Any CPU
		{A7EC50E5-82F0-44E0-B449-0E688D1E5AB5}.Debug|x86.ActiveCfg = Debug|Any CPU
		{A7EC50E5-82F0-44E0-B449-0E688D1E5AB5}.Debug|x86.Build.0 = Debug|Any CPU
		{A7EC50E5-82F0-44E0-B449-0E688D1E5AB5}.Release|Any CPU.ActiveCfg = Release|Any CPU
		{A7EC50E5-82F0-44E0-B449-0E688D1E5AB5}.Release|Any CPU.Build.0 = Release|Any CPU
		{A7EC50E5-82F0-44E0-B449-0E688D1E5AB5}.Release|x64.ActiveCfg = Release|Any CPU
		{A7EC50E5-82F0-44E0-B449-0E688D1E5AB5}.Release|x64.Build.0 = Release|Any CPU
		{A7EC50E5-82F0-44E0-B449-0E688D1E5AB5}.Release|x86.ActiveCfg = Release|Any CPU
		{A7EC50E5-82F0-44E0-B449-0E688D1E5AB5}.Release|x86.Build.0 = Release|Any CPU
		{9433A3CB-DB81-4AA2-95C6-CE61F8DF4738}.Debug|Any CPU.ActiveCfg = Debug|Any CPU
		{9433A3CB-DB81-4AA2-95C6-CE61F8DF4738}.Debug|Any CPU.Build.0 = Debug|Any CPU
		{9433A3CB-DB81-4AA2-95C6-CE61F8DF4738}.Debug|x64.ActiveCfg = Debug|Any CPU
		{9433A3CB-DB81-4AA2-95C6-CE61F8DF4738}.Debug|x64.Build.0 = Debug|Any CPU
		{9433A3CB-DB81-4AA2-95C6-CE61F8DF4738}.Debug|x86.ActiveCfg = Debug|Any CPU
		{9433A3CB-DB81-4AA2-95C6-CE61F8DF4738}.Debug|x86.Build.0 = Debug|Any CPU
		{9433A3CB-DB81-4AA2-95C6-CE61F8DF4738}.Release|Any CPU.ActiveCfg = Release|Any CPU
		{9433A3CB-DB81-4AA2-95C6-CE61F8DF4738}.Release|Any CPU.Build.0 = Release|Any CPU
		{9433A3CB-DB81-4AA2-95C6-CE61F8DF4738}.Release|x64.ActiveCfg = Release|Any CPU
		{9433A3CB-DB81-4AA2-95C6-CE61F8DF4738}.Release|x64.Build.0 = Release|Any CPU
		{9433A3CB-DB81-4AA2-95C6-CE61F8DF4738}.Release|x86.ActiveCfg = Release|Any CPU
		{9433A3CB-DB81-4AA2-95C6-CE61F8DF4738}.Release|x86.Build.0 = Release|Any CPU
		{11818943-F3D1-4DB1-A48B-8D6EF9EEE7A7}.Debug|Any CPU.ActiveCfg = Debug|Any CPU
		{11818943-F3D1-4DB1-A48B-8D6EF9EEE7A7}.Debug|Any CPU.Build.0 = Debug|Any CPU
		{11818943-F3D1-4DB1-A48B-8D6EF9EEE7A7}.Debug|x64.ActiveCfg = Debug|Any CPU
		{11818943-F3D1-4DB1-A48B-8D6EF9EEE7A7}.Debug|x64.Build.0 = Debug|Any CPU
		{11818943-F3D1-4DB1-A48B-8D6EF9EEE7A7}.Debug|x86.ActiveCfg = Debug|Any CPU
		{11818943-F3D1-4DB1-A48B-8D6EF9EEE7A7}.Debug|x86.Build.0 = Debug|Any CPU
		{11818943-F3D1-4DB1-A48B-8D6EF9EEE7A7}.Release|Any CPU.ActiveCfg = Release|Any CPU
		{11818943-F3D1-4DB1-A48B-8D6EF9EEE7A7}.Release|Any CPU.Build.0 = Release|Any CPU
		{11818943-F3D1-4DB1-A48B-8D6EF9EEE7A7}.Release|x64.ActiveCfg = Release|Any CPU
		{11818943-F3D1-4DB1-A48B-8D6EF9EEE7A7}.Release|x64.Build.0 = Release|Any CPU
		{11818943-F3D1-4DB1-A48B-8D6EF9EEE7A7}.Release|x86.ActiveCfg = Release|Any CPU
		{11818943-F3D1-4DB1-A48B-8D6EF9EEE7A7}.Release|x86.Build.0 = Release|Any CPU
		{B25487CB-2A1A-45A5-9638-1979A37B0F5E}.Debug|Any CPU.ActiveCfg = Debug|Any CPU
		{B25487CB-2A1A-45A5-9638-1979A37B0F5E}.Debug|Any CPU.Build.0 = Debug|Any CPU
		{B25487CB-2A1A-45A5-9638-1979A37B0F5E}.Debug|x64.ActiveCfg = Debug|Any CPU
		{B25487CB-2A1A-45A5-9638-1979A37B0F5E}.Debug|x64.Build.0 = Debug|Any CPU
		{B25487CB-2A1A-45A5-9638-1979A37B0F5E}.Debug|x86.ActiveCfg = Debug|Any CPU
		{B25487CB-2A1A-45A5-9638-1979A37B0F5E}.Debug|x86.Build.0 = Debug|Any CPU
		{B25487CB-2A1A-45A5-9638-1979A37B0F5E}.Release|Any CPU.ActiveCfg = Release|Any CPU
		{B25487CB-2A1A-45A5-9638-1979A37B0F5E}.Release|Any CPU.Build.0 = Release|Any CPU
		{B25487CB-2A1A-45A5-9638-1979A37B0F5E}.Release|x64.ActiveCfg = Release|Any CPU
		{B25487CB-2A1A-45A5-9638-1979A37B0F5E}.Release|x64.Build.0 = Release|Any CPU
		{B25487CB-2A1A-45A5-9638-1979A37B0F5E}.Release|x86.ActiveCfg = Release|Any CPU
		{B25487CB-2A1A-45A5-9638-1979A37B0F5E}.Release|x86.Build.0 = Release|Any CPU
	EndGlobalSection
EndGlobal
